// !$*UTF8*$!
{
	archiveVersion = 1;
	classes = {
	};
	objectVersion = 51;
	objects = {

/* Begin PBXBuildFile section */
		44181E8723D0BC82006DDCCC /* AppDelegate.swift in Sources */ = {isa = PBXBuildFile; fileRef = 44181E8623D0BC82006DDCCC /* AppDelegate.swift */; };
		44181E8923D0BC82006DDCCC /* SceneDelegate.swift in Sources */ = {isa = PBXBuildFile; fileRef = 44181E8823D0BC82006DDCCC /* SceneDelegate.swift */; };
		44181E8B23D0BC82006DDCCC /* ViewController.swift in Sources */ = {isa = PBXBuildFile; fileRef = 44181E8A23D0BC82006DDCCC /* ViewController.swift */; };
		44181E8E23D0BC82006DDCCC /* Main.storyboard in Resources */ = {isa = PBXBuildFile; fileRef = 44181E8C23D0BC82006DDCCC /* Main.storyboard */; };
		44181E9023D0BC82006DDCCC /* Assets.xcassets in Resources */ = {isa = PBXBuildFile; fileRef = 44181E8F23D0BC82006DDCCC /* Assets.xcassets */; };
		44181E9323D0BC82006DDCCC /* LaunchScreen.storyboard in Resources */ = {isa = PBXBuildFile; fileRef = 44181E9123D0BC82006DDCCC /* LaunchScreen.storyboard */; };
		44181E9B23D0BCF2006DDCCC /* MainTabBarController.swift in Sources */ = {isa = PBXBuildFile; fileRef = 44181E9A23D0BCF2006DDCCC /* MainTabBarController.swift */; };
		44181E9E23D0DD7F006DDCCC /* CoupouViewController.swift in Sources */ = {isa = PBXBuildFile; fileRef = 44181E9D23D0DD7F006DDCCC /* CoupouViewController.swift */; };
		D09C4C9AFB6BC62115586909 /* Pods_FreelanceOnboarding.framework in Frameworks */ = {isa = PBXBuildFile; fileRef = D517AC951044C078B90EA34D /* Pods_FreelanceOnboarding.framework */; };
/* End PBXBuildFile section */

/* Begin PBXFileReference section */
		44181E8323D0BC82006DDCCC /* FreelanceOnboarding.app */ = {isa = PBXFileReference; explicitFileType = wrapper.application; includeInIndex = 0; path = FreelanceOnboarding.app; sourceTree = BUILT_PRODUCTS_DIR; };
		44181E8623D0BC82006DDCCC /* AppDelegate.swift */ = {isa = PBXFileReference; lastKnownFileType = sourcecode.swift; path = AppDelegate.swift; sourceTree = "<group>"; };
		44181E8823D0BC82006DDCCC /* SceneDelegate.swift */ = {isa = PBXFileReference; lastKnownFileType = sourcecode.swift; path = SceneDelegate.swift; sourceTree = "<group>"; };
		44181E8A23D0BC82006DDCCC /* ViewController.swift */ = {isa = PBXFileReference; lastKnownFileType = sourcecode.swift; path = ViewController.swift; sourceTree = "<group>"; };
		44181E8D23D0BC82006DDCCC /* Base */ = {isa = PBXFileReference; lastKnownFileType = file.storyboard; name = Base; path = Base.lproj/Main.storyboard; sourceTree = "<group>"; };
		44181E8F23D0BC82006DDCCC /* Assets.xcassets */ = {isa = PBXFileReference; lastKnownFileType = folder.assetcatalog; path = Assets.xcassets; sourceTree = "<group>"; };
		44181E9223D0BC82006DDCCC /* Base */ = {isa = PBXFileReference; lastKnownFileType = file.storyboard; name = Base; path = Base.lproj/LaunchScreen.storyboard; sourceTree = "<group>"; };
		44181E9423D0BC82006DDCCC /* Info.plist */ = {isa = PBXFileReference; lastKnownFileType = text.plist.xml; path = Info.plist; sourceTree = "<group>"; };
		44181E9A23D0BCF2006DDCCC /* MainTabBarController.swift */ = {isa = PBXFileReference; lastKnownFileType = sourcecode.swift; path = MainTabBarController.swift; sourceTree = "<group>"; };
		44181E9D23D0DD7F006DDCCC /* CoupouViewController.swift */ = {isa = PBXFileReference; lastKnownFileType = sourcecode.swift; path = CoupouViewController.swift; sourceTree = "<group>"; };
		633720E0E3EB1260DEA5F6C6 /* Pods-FreelanceOnboarding.release.xcconfig */ = {isa = PBXFileReference; includeInIndex = 1; lastKnownFileType = text.xcconfig; name = "Pods-FreelanceOnboarding.release.xcconfig"; path = "Target Support Files/Pods-FreelanceOnboarding/Pods-FreelanceOnboarding.release.xcconfig"; sourceTree = "<group>"; };
		85B0984C570D1BA2FAA234EF /* Pods-FreelanceOnboarding.debug.xcconfig */ = {isa = PBXFileReference; includeInIndex = 1; lastKnownFileType = text.xcconfig; name = "Pods-FreelanceOnboarding.debug.xcconfig"; path = "Target Support Files/Pods-FreelanceOnboarding/Pods-FreelanceOnboarding.debug.xcconfig"; sourceTree = "<group>"; };
		D517AC951044C078B90EA34D /* Pods_FreelanceOnboarding.framework */ = {isa = PBXFileReference; explicitFileType = wrapper.framework; includeInIndex = 0; path = Pods_FreelanceOnboarding.framework; sourceTree = BUILT_PRODUCTS_DIR; };
/* End PBXFileReference section */

/* Begin PBXFrameworksBuildPhase section */
		44181E8023D0BC82006DDCCC /* Frameworks */ = {
			isa = PBXFrameworksBuildPhase;
			buildActionMask = 2147483647;
			files = (
				D09C4C9AFB6BC62115586909 /* Pods_FreelanceOnboarding.framework in Frameworks */,
			);
			runOnlyForDeploymentPostprocessing = 0;
		};
/* End PBXFrameworksBuildPhase section */

/* Begin PBXGroup section */
		44181E7A23D0BC82006DDCCC = {
			isa = PBXGroup;
			children = (
				44181E8523D0BC82006DDCCC /* FreelanceOnboarding */,
				44181E8423D0BC82006DDCCC /* Products */,
				C5E8A6912DA3E07D50D2CA2F /* Pods */,
				EEBBEFFB5A1D3A4094878710 /* Frameworks */,
			);
			sourceTree = "<group>";
		};
		44181E8423D0BC82006DDCCC /* Products */ = {
			isa = PBXGroup;
			children = (
				44181E8323D0BC82006DDCCC /* FreelanceOnboarding.app */,
			);
			name = Products;
			sourceTree = "<group>";
		};
		44181E8523D0BC82006DDCCC /* FreelanceOnboarding */ = {
			isa = PBXGroup;
			children = (
				44181E9A23D0BCF2006DDCCC /* MainTabBarController.swift */,
				44181E9D23D0DD7F006DDCCC /* CoupouViewController.swift */,
				44181E9C23D0D8B2006DDCCC /* ExtraClasses */,
				44181E9423D0BC82006DDCCC /* Info.plist */,
			);
			path = FreelanceOnboarding;
			sourceTree = "<group>";
		};
		44181E9C23D0D8B2006DDCCC /* ExtraClasses */ = {
			isa = PBXGroup;
			children = (
				44181E8623D0BC82006DDCCC /* AppDelegate.swift */,
				44181E8823D0BC82006DDCCC /* SceneDelegate.swift */,
				44181E8C23D0BC82006DDCCC /* Main.storyboard */,
				44181E8A23D0BC82006DDCCC /* ViewController.swift */,
				44181E9123D0BC82006DDCCC /* LaunchScreen.storyboard */,
				44181E8F23D0BC82006DDCCC /* Assets.xcassets */,
			);
			path = ExtraClasses;
			sourceTree = "<group>";
		};
		C5E8A6912DA3E07D50D2CA2F /* Pods */ = {
			isa = PBXGroup;
			children = (
				85B0984C570D1BA2FAA234EF /* Pods-FreelanceOnboarding.debug.xcconfig */,
				633720E0E3EB1260DEA5F6C6 /* Pods-FreelanceOnboarding.release.xcconfig */,
			);
			path = Pods;
			sourceTree = "<group>";
		};
		EEBBEFFB5A1D3A4094878710 /* Frameworks */ = {
			isa = PBXGroup;
			children = (
				D517AC951044C078B90EA34D /* Pods_FreelanceOnboarding.framework */,
			);
			name = Frameworks;
			sourceTree = "<group>";
		};
/* End PBXGroup section */

/* Begin PBXNativeTarget section */
		44181E8223D0BC82006DDCCC /* FreelanceOnboarding */ = {
			isa = PBXNativeTarget;
			buildConfigurationList = 44181E9723D0BC82006DDCCC /* Build configuration list for PBXNativeTarget "FreelanceOnboarding" */;
			buildPhases = (
				97C77549BFAEA6D6BF70F677 /* [CP] Check Pods Manifest.lock */,
				44181E7F23D0BC82006DDCCC /* Sources */,
				44181E8023D0BC82006DDCCC /* Frameworks */,
				44181E8123D0BC82006DDCCC /* Resources */,
				66CEE20BDB04694F5DDA48F4 /* [CP] Embed Pods Frameworks */,
			);
			buildRules = (
			);
			dependencies = (
			);
			name = FreelanceOnboarding;
			productName = FreelanceOnboarding;
			productReference = 44181E8323D0BC82006DDCCC /* FreelanceOnboarding.app */;
			productType = "com.apple.product-type.application";
		};
/* End PBXNativeTarget section */

/* Begin PBXProject section */
		44181E7B23D0BC82006DDCCC /* Project object */ = {
			isa = PBXProject;
			attributes = {
				LastSwiftUpdateCheck = 1130;
				LastUpgradeCheck = 1130;
				ORGANIZATIONNAME = "Thomas Warner";
				TargetAttributes = {
					44181E8223D0BC82006DDCCC = {
						CreatedOnToolsVersion = 11.3;
					};
				};
			};
			buildConfigurationList = 44181E7E23D0BC82006DDCCC /* Build configuration list for PBXProject "FreelanceOnboarding" */;
			compatibilityVersion = "Xcode 9.3";
			developmentRegion = en;
			hasScannedForEncodings = 0;
			knownRegions = (
				en,
				Base,
			);
			mainGroup = 44181E7A23D0BC82006DDCCC;
			productRefGroup = 44181E8423D0BC82006DDCCC /* Products */;
			projectDirPath = "";
			projectRoot = "";
			targets = (
				44181E8223D0BC82006DDCCC /* FreelanceOnboarding */,
			);
		};
/* End PBXProject section */

/* Begin PBXResourcesBuildPhase section */
		44181E8123D0BC82006DDCCC /* Resources */ = {
			isa = PBXResourcesBuildPhase;
			buildActionMask = 2147483647;
			files = (
				44181E9323D0BC82006DDCCC /* LaunchScreen.storyboard in Resources */,
				44181E9023D0BC82006DDCCC /* Assets.xcassets in Resources */,
				44181E8E23D0BC82006DDCCC /* Main.storyboard in Resources */,
			);
			runOnlyForDeploymentPostprocessing = 0;
		};
/* End PBXResourcesBuildPhase section */

/* Begin PBXShellScriptBuildPhase section */
		66CEE20BDB04694F5DDA48F4 /* [CP] Embed Pods Frameworks */ = {
			isa = PBXShellScriptBuildPhase;
			buildActionMask = 2147483647;
			files = (
			);
			inputFileListPaths = (
				"${PODS_ROOT}/Target Support Files/Pods-FreelanceOnboarding/Pods-FreelanceOnboarding-frameworks-${CONFIGURATION}-input-files.xcfilelist",
			);
			name = "[CP] Embed Pods Frameworks";
			outputFileListPaths = (
				"${PODS_ROOT}/Target Support Files/Pods-FreelanceOnboarding/Pods-FreelanceOnboarding-frameworks-${CONFIGURATION}-output-files.xcfilelist",
			);
			runOnlyForDeploymentPostprocessing = 0;
			shellPath = /bin/sh;
			shellScript = "\"${PODS_ROOT}/Target Support Files/Pods-FreelanceOnboarding/Pods-FreelanceOnboarding-frameworks.sh\"\n";
			showEnvVarsInLog = 0;
		};
		97C77549BFAEA6D6BF70F677 /* [CP] Check Pods Manifest.lock */ = {
			isa = PBXShellScriptBuildPhase;
			buildActionMask = 2147483647;
			files = (
			);
			inputFileListPaths = (
			);
			inputPaths = (
				"${PODS_PODFILE_DIR_PATH}/Podfile.lock",
				"${PODS_ROOT}/Manifest.lock",
			);
			name = "[CP] Check Pods Manifest.lock";
			outputFileListPaths = (
			);
			outputPaths = (
				"$(DERIVED_FILE_DIR)/Pods-FreelanceOnboarding-checkManifestLockResult.txt",
			);
			runOnlyForDeploymentPostprocessing = 0;
			shellPath = /bin/sh;
			shellScript = "diff \"${PODS_PODFILE_DIR_PATH}/Podfile.lock\" \"${PODS_ROOT}/Manifest.lock\" > /dev/null\nif [ $? != 0 ] ; then\n    # print error to STDERR\n    echo \"error: The sandbox is not in sync with the Podfile.lock. Run 'pod install' or update your CocoaPods installation.\" >&2\n    exit 1\nfi\n# This output is used by Xcode 'outputs' to avoid re-running this script phase.\necho \"SUCCESS\" > \"${SCRIPT_OUTPUT_FILE_0}\"\n";
			showEnvVarsInLog = 0;
		};
/* End PBXShellScriptBuildPhase section */

/* Begin PBXSourcesBuildPhase section */
		44181E7F23D0BC82006DDCCC /* Sources */ = {
			isa = PBXSourcesBuildPhase;
			buildActionMask = 2147483647;
			files = (
				44181E9E23D0DD7F006DDCCC /* CoupouViewController.swift in Sources */,
				44181E8B23D0BC82006DDCCC /* ViewController.swift in Sources */,
				44181E8723D0BC82006DDCCC /* AppDelegate.swift in Sources */,
				44181E9B23D0BCF2006DDCCC /* MainTabBarController.swift in Sources */,
				44181E8923D0BC82006DDCCC /* SceneDelegate.swift in Sources */,
			);
			runOnlyForDeploymentPostprocessing = 0;
		};
/* End PBXSourcesBuildPhase section */

/* Begin PBXVariantGroup section */
		44181E8C23D0BC82006DDCCC /* Main.storyboard */ = {
			isa = PBXVariantGroup;
			children = (
				44181E8D23D0BC82006DDCCC /* Base */,
			);
			name = Main.storyboard;
			sourceTree = "<group>";
		};
		44181E9123D0BC82006DDCCC /* LaunchScreen.storyboard */ = {
			isa = PBXVariantGroup;
			children = (
				44181E9223D0BC82006DDCCC /* Base */,
			);
			name = LaunchScreen.storyboard;
			sourceTree = "<group>";
		};
/* End PBXVariantGroup section */

/* Begin XCBuildConfiguration section */
		44181E9523D0BC82006DDCCC /* Debug */ = {
			isa = XCBuildConfiguration;
			buildSettings = {
				ALWAYS_SEARCH_USER_PATHS = NO;
				CLANG_ANALYZER_NONNULL = YES;
				CLANG_ANALYZER_NUMBER_OBJECT_CONVERSION = YES_AGGRESSIVE;
				CLANG_CXX_LANGUAGE_STANDARD = "gnu++14";
				CLANG_CXX_LIBRARY = "libc++";
				CLANG_ENABLE_MODULES = YES;
				CLANG_ENABLE_OBJC_ARC = YES;
				CLANG_ENABLE_OBJC_WEAK = YES;
				CLANG_WARN_BLOCK_CAPTURE_AUTORELEASING = YES;
				CLANG_WARN_BOOL_CONVERSION = YES;
				CLANG_WARN_COMMA = YES;
				CLANG_WARN_CONSTANT_CONVERSION = YES;
				CLANG_WARN_DEPRECATED_OBJC_IMPLEMENTATIONS = YES;
				CLANG_WARN_DIRECT_OBJC_ISA_USAGE = YES_ERROR;
				CLANG_WARN_DOCUMENTATION_COMMENTS = YES;
				CLANG_WARN_EMPTY_BODY = YES;
				CLANG_WARN_ENUM_CONVERSION = YES;
				CLANG_WARN_INFINITE_RECURSION = YES;
				CLANG_WARN_INT_CONVERSION = YES;
				CLANG_WARN_NON_LITERAL_NULL_CONVERSION = YES;
				CLANG_WARN_OBJC_IMPLICIT_RETAIN_SELF = YES;
				CLANG_WARN_OBJC_LITERAL_CONVERSION = YES;
				CLANG_WARN_OBJC_ROOT_CLASS = YES_ERROR;
				CLANG_WARN_RANGE_LOOP_ANALYSIS = YES;
				CLANG_WARN_STRICT_PROTOTYPES = YES;
				CLANG_WARN_SUSPICIOUS_MOVE = YES;
				CLANG_WARN_UNGUARDED_AVAILABILITY = YES_AGGRESSIVE;
				CLANG_WARN_UNREACHABLE_CODE = YES;
				CLANG_WARN__DUPLICATE_METHOD_MATCH = YES;
				COPY_PHASE_STRIP = NO;
				DEBUG_INFORMATION_FORMAT = dwarf;
				ENABLE_STRICT_OBJC_MSGSEND = YES;
				ENABLE_TESTABILITY = YES;
				GCC_C_LANGUAGE_STANDARD = gnu11;
				GCC_DYNAMIC_NO_PIC = NO;
				GCC_NO_COMMON_BLOCKS = YES;
				GCC_OPTIMIZATION_LEVEL = 0;
				GCC_PREPROCESSOR_DEFINITIONS = (
					"DEBUG=1",
					"$(inherited)",
				);
				GCC_WARN_64_TO_32_BIT_CONVERSION = YES;
				GCC_WARN_ABOUT_RETURN_TYPE = YES_ERROR;
				GCC_WARN_UNDECLARED_SELECTOR = YES;
				GCC_WARN_UNINITIALIZED_AUTOS = YES_AGGRESSIVE;
				GCC_WARN_UNUSED_FUNCTION = YES;
				GCC_WARN_UNUSED_VARIABLE = YES;
				IPHONEOS_DEPLOYMENT_TARGET = 13.2;
				MTL_ENABLE_DEBUG_INFO = INCLUDE_SOURCE;
				MTL_FAST_MATH = YES;
				ONLY_ACTIVE_ARCH = YES;
				SDKROOT = iphoneos;
				SWIFT_ACTIVE_COMPILATION_CONDITIONS = DEBUG;
				SWIFT_OPTIMIZATION_LEVEL = "-Onone";
			};
			name = Debug;
		};
		44181E9623D0BC82006DDCCC /* Release */ = {
			isa = XCBuildConfiguration;
			buildSettings = {
				ALWAYS_SEARCH_USER_PATHS = NO;
				CLANG_ANALYZER_NONNULL = YES;
				CLANG_ANALYZER_NUMBER_OBJECT_CONVERSION = YES_AGGRESSIVE;
				CLANG_CXX_LANGUAGE_STANDARD = "gnu++14";
				CLANG_CXX_LIBRARY = "libc++";
				CLANG_ENABLE_MODULES = YES;
				CLANG_ENABLE_OBJC_ARC = YES;
				CLANG_ENABLE_OBJC_WEAK = YES;
				CLANG_WARN_BLOCK_CAPTURE_AUTORELEASING = YES;
				CLANG_WARN_BOOL_CONVERSION = YES;
				CLANG_WARN_COMMA = YES;
				CLANG_WARN_CONSTANT_CONVERSION = YES;
				CLANG_WARN_DEPRECATED_OBJC_IMPLEMENTATIONS = YES;
				CLANG_WARN_DIRECT_OBJC_ISA_USAGE = YES_ERROR;
				CLANG_WARN_DOCUMENTATION_COMMENTS = YES;
				CLANG_WARN_EMPTY_BODY = YES;
				CLANG_WARN_ENUM_CONVERSION = YES;
				CLANG_WARN_INFINITE_RECURSION = YES;
				CLANG_WARN_INT_CONVERSION = YES;
				CLANG_WARN_NON_LITERAL_NULL_CONVERSION = YES;
				CLANG_WARN_OBJC_IMPLICIT_RETAIN_SELF = YES;
				CLANG_WARN_OBJC_LITERAL_CONVERSION = YES;
				CLANG_WARN_OBJC_ROOT_CLASS = YES_ERROR;
				CLANG_WARN_RANGE_LOOP_ANALYSIS = YES;
				CLANG_WARN_STRICT_PROTOTYPES = YES;
				CLANG_WARN_SUSPICIOUS_MOVE = YES;
				CLANG_WARN_UNGUARDED_AVAILABILITY = YES_AGGRESSIVE;
				CLANG_WARN_UNREACHABLE_CODE = YES;
				CLANG_WARN__DUPLICATE_METHOD_MATCH = YES;
				COPY_PHASE_STRIP = NO;
				DEBUG_INFORMATION_FORMAT = "dwarf-with-dsym";
				ENABLE_NS_ASSERTIONS = NO;
				ENABLE_STRICT_OBJC_MSGSEND = YES;
				GCC_C_LANGUAGE_STANDARD = gnu11;
				GCC_NO_COMMON_BLOCKS = YES;
				GCC_WARN_64_TO_32_BIT_CONVERSION = YES;
				GCC_WARN_ABOUT_RETURN_TYPE = YES_ERROR;
				GCC_WARN_UNDECLARED_SELECTOR = YES;
				GCC_WARN_UNINITIALIZED_AUTOS = YES_AGGRESSIVE;
				GCC_WARN_UNUSED_FUNCTION = YES;
				GCC_WARN_UNUSED_VARIABLE = YES;
				IPHONEOS_DEPLOYMENT_TARGET = 13.2;
				MTL_ENABLE_DEBUG_INFO = NO;
				MTL_FAST_MATH = YES;
				SDKROOT = iphoneos;
				SWIFT_COMPILATION_MODE = wholemodule;
				SWIFT_OPTIMIZATION_LEVEL = "-O";
				VALIDATE_PRODUCT = YES;
			};
			name = Release;
		};
		44181E9823D0BC82006DDCCC /* Debug */ = {
			isa = XCBuildConfiguration;
			baseConfigurationReference = 85B0984C570D1BA2FAA234EF /* Pods-FreelanceOnboarding.debug.xcconfig */;
			buildSettings = {
				ASSETCATALOG_COMPILER_APPICON_NAME = AppIcon;
				CODE_SIGN_STYLE = Automatic;
				DEVELOPMENT_TEAM = 7SL9WGZAMS;
				INFOPLIST_FILE = FreelanceOnboarding/Info.plist;
				LD_RUNPATH_SEARCH_PATHS = (
					"$(inherited)",
					"@executable_path/Frameworks",
				);
				PRODUCT_BUNDLE_IDENTIFIER = com.WarnerDesignTechnology.FreelanceOnboarding;
				PRODUCT_NAME = "$(TARGET_NAME)";
				SWIFT_VERSION = 5.0;
				TARGETED_DEVICE_FAMILY = "1,2";
			};
			name = Debug;
		};
		44181E9923D0BC82006DDCCC /* Release */ = {
			isa = XCBuildConfiguration;
			baseConfigurationReference = 633720E0E3EB1260DEA5F6C6 /* Pods-FreelanceOnboarding.release.xcconfig */;
			buildSettings = {
				ASSETCATALOG_COMPILER_APPICON_NAME = AppIcon;
				CODE_SIGN_STYLE = Automatic;
				DEVELOPMENT_TEAM = 7SL9WGZAMS;
				INFOPLIST_FILE = FreelanceOnboarding/Info.plist;
				LD_RUNPATH_SEARCH_PATHS = (
					"$(inherited)",
					"@executable_path/Frameworks",
				);
				PRODUCT_BUNDLE_IDENTIFIER = com.WarnerDesignTechnology.FreelanceOnboarding;
				PRODUCT_NAME = "$(TARGET_NAME)";
				SWIFT_VERSION = 5.0;
				TARGETED_DEVICE_FAMILY = "1,2";
			};
			name = Release;
		};
/* End XCBuildConfiguration section */

/* Begin XCConfigurationList section */
		44181E7E23D0BC82006DDCCC /* Build configuration list for PBXProject "FreelanceOnboarding" */ = {
			isa = XCConfigurationList;
			buildConfigurations = (
				44181E9523D0BC82006DDCCC /* Debug */,
				44181E9623D0BC82006DDCCC /* Release */,
			);
			defaultConfigurationIsVisible = 0;
			defaultConfigurationName = Release;
		};
		44181E9723D0BC82006DDCCC /* Build configuration list for PBXNativeTarget "FreelanceOnboarding" */ = {
			isa = XCConfigurationList;
			buildConfigurations = (
				44181E9823D0BC82006DDCCC /* Debug */,
				44181E9923D0BC82006DDCCC /* Release */,
			);
			defaultConfigurationIsVisible = 0;
			defaultConfigurationName = Release;
		};
/* End XCConfigurationList section */
	};
	rootObject = 44181E7B23D0BC82006DDCCC /* Project object */;
}
